
Microsoft Visual Studio Solution File, Format Version 12.00
# Visual Studio Version 17
VisualStudioVersion = 17.3.32901.215
MinimumVisualStudioVersion = 10.0.40219.1
Project("{9A19103F-16F7-4668-BE54-9A1E7A4F7556}") = "MoneyBookTools", "MoneyBookTools\MoneyBookTools.csproj", "{4FA47752-DD17-4C3A-848F-96F531B4B996}"
EndProject
Project("{9A19103F-16F7-4668-BE54-9A1E7A4F7556}") = "MoneyBook", "MoneyBook\MoneyBook.csproj", "{86C7BCFD-62B8-4ED9-97AE-FC5709826754}"
EndProject
Project("{9A19103F-16F7-4668-BE54-9A1E7A4F7556}") = "TransactionsTool", "TransactionsTool\TransactionsTool.csproj", "{EAB62994-A43A-486E-A493-A1F5449DFA3E}"
EndProject
Project("{9A19103F-16F7-4668-BE54-9A1E7A4F7556}") = "MoneyBookTest", "MoneyBookTest\MoneyBookTest.csproj", "{79205AE1-CFBC-4876-913F-DFAD56E5AEB1}"
EndProject
Project("{9A19103F-16F7-4668-BE54-9A1E7A4F7556}") = "MoneyBookCLI", "MoneyBookCLI\MoneyBookCLI.csproj", "{9297F03D-9BCA-4F40-A600-BEC9DB58F3CF}"
EndProject
Project("{9A19103F-16F7-4668-BE54-9A1E7A4F7556}") = "MoneyBookDashboard", "MoneyBookDashboard\MoneyBookDashboard.csproj", "{4B05003C-465B-4AAA-A651-204F029C8D51}"
EndProject
Project("{9A19103F-16F7-4668-BE54-9A1E7A4F7556}") = "MoneyBookDash", "MoneyBookDash\MoneyBookDash.csproj", "{0721DDCC-B8FA-4417-9C27-90501269BA1F}"
EndProject
Project("{FAE04EC0-301F-11D3-BF4B-00C04F79EFBC}") = "MoneyBookService", "MoneyBookService\MoneyBookService.csproj", "{361C8C3C-61E7-45D5-99E8-6D7BA8C88E27}"
EndProject
Global
	GlobalSection(SolutionConfigurationPlatforms) = preSolution
		Debug|Any CPU = Debug|Any CPU
		Release|Any CPU = Release|Any CPU
	EndGlobalSection
	GlobalSection(ProjectConfigurationPlatforms) = postSolution
		{4FA47752-DD17-4C3A-848F-96F531B4B996}.Debug|Any CPU.ActiveCfg = Debug|Any CPU
		{4FA47752-DD17-4C3A-848F-96F531B4B996}.Debug|Any CPU.Build.0 = Debug|Any CPU
		{4FA47752-DD17-4C3A-848F-96F531B4B996}.Release|Any CPU.ActiveCfg = Release|Any CPU
		{4FA47752-DD17-4C3A-848F-96F531B4B996}.Release|Any CPU.Build.0 = Release|Any CPU
		{86C7BCFD-62B8-4ED9-97AE-FC5709826754}.Debug|Any CPU.ActiveCfg = Debug|Any CPU
		{86C7BCFD-62B8-4ED9-97AE-FC5709826754}.Debug|Any CPU.Build.0 = Debug|Any CPU
		{86C7BCFD-62B8-4ED9-97AE-FC5709826754}.Release|Any CPU.ActiveCfg = Release|Any CPU
		{86C7BCFD-62B8-4ED9-97AE-FC5709826754}.Release|Any CPU.Build.0 = Release|Any CPU
		{EAB62994-A43A-486E-A493-A1F5449DFA3E}.Debug|Any CPU.ActiveCfg = Debug|Any CPU
		{EAB62994-A43A-486E-A493-A1F5449DFA3E}.Debug|Any CPU.Build.0 = Debug|Any CPU
		{EAB62994-A43A-486E-A493-A1F5449DFA3E}.Release|Any CPU.ActiveCfg = Release|Any CPU
		{EAB62994-A43A-486E-A493-A1F5449DFA3E}.Release|Any CPU.Build.0 = Release|Any CPU
		{79205AE1-CFBC-4876-913F-DFAD56E5AEB1}.Debug|Any CPU.ActiveCfg = Debug|Any CPU
		{79205AE1-CFBC-4876-913F-DFAD56E5AEB1}.Debug|Any CPU.Build.0 = Debug|Any CPU
		{79205AE1-CFBC-4876-913F-DFAD56E5AEB1}.Release|Any CPU.ActiveCfg = Release|Any CPU
		{79205AE1-CFBC-4876-913F-DFAD56E5AEB1}.Release|Any CPU.Build.0 = Release|Any CPU
		{9297F03D-9BCA-4F40-A600-BEC9DB58F3CF}.Debug|Any CPU.ActiveCfg = Debug|Any CPU
		{9297F03D-9BCA-4F40-A600-BEC9DB58F3CF}.Debug|Any CPU.Build.0 = Debug|Any CPU
		{9297F03D-9BCA-4F40-A600-BEC9DB58F3CF}.Release|Any CPU.ActiveCfg = Release|Any CPU
		{9297F03D-9BCA-4F40-A600-BEC9DB58F3CF}.Release|Any CPU.Build.0 = Release|Any CPU
		{4B05003C-465B-4AAA-A651-204F029C8D51}.Debug|Any CPU.ActiveCfg = Debug|Any CPU
		{4B05003C-465B-4AAA-A651-204F029C8D51}.Debug|Any CPU.Build.0 = Debug|Any CPU
		{4B05003C-465B-4AAA-A651-204F029C8D51}.Release|Any CPU.ActiveCfg = Release|Any CPU
		{4B05003C-465B-4AAA-A651-204F029C8D51}.Release|Any CPU.Build.0 = Release|Any CPU
		{0721DDCC-B8FA-4417-9C27-90501269BA1F}.Debug|Any CPU.ActiveCfg = Debug|Any CPU
		{0721DDCC-B8FA-4417-9C27-90501269BA1F}.Debug|Any CPU.Build.0 = Debug|Any CPU
		{0721DDCC-B8FA-4417-9C27-90501269BA1F}.Release|Any CPU.ActiveCfg = Release|Any CPU
		{0721DDCC-B8FA-4417-9C27-90501269BA1F}.Release|Any CPU.Build.0 = Release|Any CPU
		{361C8C3C-61E7-45D5-99E8-6D7BA8C88E27}.Debug|Any CPU.ActiveCfg = Debug|Any CPU
		{361C8C3C-61E7-45D5-99E8-6D7BA8C88E27}.Debug|Any CPU.Build.0 = Debug|Any CPU
		{361C8C3C-61E7-45D5-99E8-6D7BA8C88E27}.Release|Any CPU.ActiveCfg = Release|Any CPU
		{361C8C3C-61E7-45D5-99E8-6D7BA8C88E27}.Release|Any CPU.Build.0 = Release|Any CPU
	EndGlobalSection
	GlobalSection(SolutionProperties) = preSolution
		HideSolutionNode = FALSE
	EndGlobalSection
	GlobalSection(ExtensibilityGlobals) = postSolution
		SolutionGuid = {2A6481E7-329D-4042-AA4D-FAB673CFCCF3}
	EndGlobalSection
EndGlobal
